
Microsoft Visual Studio Solution File, Format Version 12.00
# Visual Studio Version 16
VisualStudioVersion = 16.0.30011.22
MinimumVisualStudioVersion = 10.0.40219.1
Project("{FAE04EC0-301F-11D3-BF4B-00C04F79EFBC}") = "Hello World", "Hello World\Hello World.csproj", "{602BA9D3-A532-4F1A-B872-31D015EE45FF}"
EndProject
Global
	GlobalSection(SolutionConfigurationPlatforms) = preSolution
		Debug|Any CPU = Debug|Any CPU
		Release|Any CPU = Release|Any CPU
	EndGlobalSection
	GlobalSection(ProjectConfigurationPlatforms) = postSolution
		{602BA9D3-A532-4F1A-B872-31D015EE45FF}.Debug|Any CPU.ActiveCfg = Debug|Any CPU
		{602BA9D3-A532-4F1A-B872-31D015EE45FF}.Debug|Any CPU.Build.0 = Debug|Any CPU
		{602BA9D3-A532-4F1A-B872-31D015EE45FF}.Release|Any CPU.ActiveCfg = Release|Any CPU
		{602BA9D3-A532-4F1A-B872-31D015EE45FF}.Release|Any CPU.Build.0 = Release|Any CPU
	EndGlobalSection
	GlobalSection(SolutionProperties) = preSolution
		HideSolutionNode = FALSE
	EndGlobalSection
	GlobalSection(ExtensibilityGlobals) = postSolution
		SolutionGuid = {B1635355-4436-43AC-953F-7338577A132F}
	EndGlobalSection
EndGlobal
